
Microsoft Visual Studio Solution File, Format Version 12.00
Project("{FAE04EC0-301F-11D3-BF4B-00C04F79EFBC}") = "StarWars.Api", "StarWars.Api.csproj", "{7903292B-D493-4501-9651-D0DB1DB9C13C}"
EndProject
Global
	GlobalSection(SolutionConfigurationPlatforms) = preSolution
		Debug|Any CPU = Debug|Any CPU
		Release|Any CPU = Release|Any CPU
	EndGlobalSection
	GlobalSection(ProjectConfigurationPlatforms) = postSolution
		{7903292B-D493-4501-9651-D0DB1DB9C13C}.Debug|Any CPU.ActiveCfg = Debug|Any CPU
		{7903292B-D493-4501-9651-D0DB1DB9C13C}.Release|Any CPU.ActiveCfg = Release|Any CPU
		{7903292B-D493-4501-9651-D0DB1DB9C13C}.Release|Any CPU.Build.0 = Release|Any CPU
		{7903292B-D493-4501-9651-D0DB1DB9C13C}.Debug|Any CPU.Build.0 = Debug|Any CPU
	EndGlobalSection
EndGlobal
